{
  "name": "@benchmark-suite/node",
  "version": "1.0.0",
  "lockfileVersion": 3,
  "requires": true,
  "packages": {
    "": {
      "name": "@benchmark-suite/node",
      "version": "1.0.0",
      "dependencies": {
        "@benchmarking/core": "file:../core"
      }
    },
    "../core": {
      "name": "@benchmarking/core",
      "version": "1.0.0",
      "dependencies": {
        "@huggingface/transformers": "^3.3.2"
      }
    },
    "node_modules/@benchmarking/core": {
      "resolved": "../core",
      "link": true
    }
  }
}
